
Microsoft Visual Studio Solution File, Format Version 12.00
# Visual Studio Version 17
VisualStudioVersion = 17.5.33530.505
MinimumVisualStudioVersion = 10.0.40219.1
Project("{FAE04EC0-301F-11D3-BF4B-00C04F79EFBC}") = "VkInternship", "VkInternship\VkInternship.csproj", "{23EA7A53-4E98-4D3C-9A51-E82F3DB6E11F}"
EndProject
Global
	GlobalSection(SolutionConfigurationPlatforms) = preSolution
		Debug|Any CPU = Debug|Any CPU
		Release|Any CPU = Release|Any CPU
	EndGlobalSection
	GlobalSection(ProjectConfigurationPlatforms) = postSolution
		{23EA7A53-4E98-4D3C-9A51-E82F3DB6E11F}.Debug|Any CPU.ActiveCfg = Debug|Any CPU
		{23EA7A53-4E98-4D3C-9A51-E82F3DB6E11F}.Debug|Any CPU.Build.0 = Debug|Any CPU
		{23EA7A53-4E98-4D3C-9A51-E82F3DB6E11F}.Release|Any CPU.ActiveCfg = Release|Any CPU
		{23EA7A53-4E98-4D3C-9A51-E82F3DB6E11F}.Release|Any CPU.Build.0 = Release|Any CPU
	EndGlobalSection
	GlobalSection(SolutionProperties) = preSolution
		HideSolutionNode = FALSE
	EndGlobalSection
	GlobalSection(ExtensibilityGlobals) = postSolution
		SolutionGuid = {4728875D-B612-44AD-8135-B57E341A1529}
	EndGlobalSection
EndGlobal
